<?xml version="1.0" encoding="utf-8"?>
<Project ToolsVersion="4.0" xmlns="http://schemas.microsoft.com/developer/msbuild/2003">
  <ItemGroup>
    <ClCompile Include="Grid++Report6Demo.cpp">
      <Filter>Source Files</Filter>
    </ClCompile>
    <ClCompile Include="MainDlg.cpp">
      <Filter>Source Files</Filter>
    </ClCompile>
    <ClCompile Include="stdafx.cpp">
      <Filter>Source Files</Filter>
    </ClCompile>
  </ItemGroup>
  <ItemGroup>
    <ClInclude Include="MainDlg.h">
      <Filter>Header Files</Filter>
    </ClInclude>
    <ClInclude Include="stdafx.h">
      <Filter>Header Files</Filter>
    </ClInclude>
    <ClInclude Include="resource.h">
      <Filter>Resource Files</Filter>
    </ClInclude>
    <ClInclude Include="GridppReport\GridppReportEventImpl.h">
      <Filter>GridppReport</Filter>
    </ClInclude>
    <ClInclude Include="GridppReport\GRImport.h">
      <Filter>GridppReport</Filter>
    </ClInclude>
    <ClInclude Include="GetPath.h">
      <Filter>Header Files</Filter>
    </ClInclude>
  </ItemGroup>
  <ItemGroup>
    <None Include="license.txt" />
    <None Include="readme.txt" />
    <None Include="uires\image\soui.ico">
      <Filter>Resource Files</Filter>
    </None>
    <None Include="res\soui_res.rc2">
      <Filter>Resource Files</Filter>
    </None>
    <None Include="uires\values\string.xml">
      <Filter>SouiRes</Filter>
    </None>
    <None Include="uires\values\skin.xml">
      <Filter>SouiRes</Filter>
    </None>
    <None Include="uires\uidef\init.xml">
      <Filter>SouiRes</Filter>
    </None>
    <None Include="uires\xml\dlg_main.xml">
      <Filter>SouiRes</Filter>
    </None>
    <None Include="uires\values\color.xml">
      <Filter>SouiRes</Filter>
    </None>
  </ItemGroup>
  <ItemGroup>
    <Filter Include="Resource Files">
      <UniqueIdentifier>{81b121c7-c8a2-4cde-a411-aa07bd33f89f}</UniqueIdentifier>
    </Filter>
    <Filter Include="GridppReport">
      <UniqueIdentifier>{53b0b34b-b967-4255-8089-0dd3adb2dc00}</UniqueIdentifier>
    </Filter>
    <Filter Include="Source Files">
      <UniqueIdentifier>{935f19df-ad0f-4f67-b34c-55b106c96edf}</UniqueIdentifier>
    </Filter>
    <Filter Include="Header Files">
      <UniqueIdentifier>{f01b4b6f-80ed-4d49-a81d-33dc9dee22e0}</UniqueIdentifier>
    </Filter>
    <Filter Include="SouiRes">
      <UniqueIdentifier>{032cc6a8-eadd-40c1-9834-6b35bb5c00a4}</UniqueIdentifier>
    </Filter>
  </ItemGroup>
  <ItemGroup>
    <ResourceCompile Include="Grid++Report6Demo.rc">
      <Filter>Resource Files</Filter>
    </ResourceCompile>
  </ItemGroup>
  <ItemGroup>
    <CustomBuild Include="uires\uires.idx">
      <Filter>SouiRes</Filter>
    </CustomBuild>
  </ItemGroup>
</Project>